
Microsoft Visual Studio Solution File, Format Version 12.00
# Visual Studio Version 16
VisualStudioVersion = 25.0.1704.4
MinimumVisualStudioVersion = 10.0.40219.1
Project("{FAE04EC0-301F-11D3-BF4B-00C04F79EFBC}") = "SpriteAnimation", "SpriteAnimation\SpriteAnimation.csproj", "{995D0EDE-7EE1-4EDF-8CC2-01360E40268C}"
EndProject
Global
	GlobalSection(SolutionConfigurationPlatforms) = preSolution
		Debug|Any CPU = Debug|Any CPU
		Release|Any CPU = Release|Any CPU
	EndGlobalSection
	GlobalSection(ProjectConfigurationPlatforms) = postSolution
		{995D0EDE-7EE1-4EDF-8CC2-01360E40268C}.Debug|Any CPU.ActiveCfg = Debug|Any CPU
		{995D0EDE-7EE1-4EDF-8CC2-01360E40268C}.Debug|Any CPU.Build.0 = Debug|Any CPU
		{995D0EDE-7EE1-4EDF-8CC2-01360E40268C}.Release|Any CPU.ActiveCfg = Release|Any CPU
		{995D0EDE-7EE1-4EDF-8CC2-01360E40268C}.Release|Any CPU.Build.0 = Release|Any CPU
	EndGlobalSection
	GlobalSection(SolutionProperties) = preSolution
		HideSolutionNode = FALSE
	EndGlobalSection
	GlobalSection(ExtensibilityGlobals) = postSolution
		SolutionGuid = {90E72DC7-AC3D-4877-965B-794FB033AAA6}
	EndGlobalSection
EndGlobal
